
Microsoft Visual Studio Solution File, Format Version 12.00
# Visual Studio Version 17
VisualStudioVersion = 17.13.36105.23 d17.13
MinimumVisualStudioVersion = 10.0.40219.1
Project("{FAE04EC0-301F-11D3-BF4B-00C04F79EFBC}") = "bancoCSharp", "bancoCSharp\bancoCSharp.csproj", "{AC5C1584-CC27-4C08-A51D-6076092D189A}"
EndProject
Global
	GlobalSection(SolutionConfigurationPlatforms) = preSolution
		Debug|Any CPU = Debug|Any CPU
		Release|Any CPU = Release|Any CPU
	EndGlobalSection
	GlobalSection(ProjectConfigurationPlatforms) = postSolution
		{AC5C1584-CC27-4C08-A51D-6076092D189A}.Debug|Any CPU.ActiveCfg = Debug|Any CPU
		{AC5C1584-CC27-4C08-A51D-6076092D189A}.Debug|Any CPU.Build.0 = Debug|Any CPU
		{AC5C1584-CC27-4C08-A51D-6076092D189A}.Release|Any CPU.ActiveCfg = Release|Any CPU
		{AC5C1584-CC27-4C08-A51D-6076092D189A}.Release|Any CPU.Build.0 = Release|Any CPU
	EndGlobalSection
	GlobalSection(SolutionProperties) = preSolution
		HideSolutionNode = FALSE
	EndGlobalSection
	GlobalSection(ExtensibilityGlobals) = postSolution
		SolutionGuid = {BDB14442-0D2E-468D-9B7A-CB870AE0F512}
	EndGlobalSection
EndGlobal
